
Microsoft Visual Studio Solution File, Format Version 12.00
# Visual Studio Version 17
VisualStudioVersion = 17.10.35027.167
MinimumVisualStudioVersion = 10.0.40219.1
Project("{2150E333-8FDC-42A3-9474-1A3956D46DE8}") = "Services", "Services", "{9C4E25A0-A9F4-4057-8F97-0AA9C0D384E7}"
EndProject
Project("{2150E333-8FDC-42A3-9474-1A3956D46DE8}") = "Catalog", "Catalog", "{38068AE2-5FCE-409F-AD83-C4704921C17F}"
EndProject
Project("{9A19103F-16F7-4668-BE54-9A1E7A4F7556}") = "ECommerce.Catalog", "Services\Catalog\ECommerce.Catalog\ECommerce.Catalog.csproj", "{96612060-3C98-43C2-8602-2C4DFE36BACD}"
EndProject
Project("{2150E333-8FDC-42A3-9474-1A3956D46DE8}") = "Discount", "Discount", "{FA11555B-33CE-4545-9384-B64D5A694C03}"
EndProject
Project("{9A19103F-16F7-4668-BE54-9A1E7A4F7556}") = "ECommerce.Discount", "Services\Discount\ECommerce.Discount\ECommerce.Discount.csproj", "{1CB47C7F-3127-451C-A630-A020EB3E139A}"
EndProject
Project("{2150E333-8FDC-42A3-9474-1A3956D46DE8}") = "Order", "Order", "{26C25EB6-F17E-43A6-8F8C-05DB1577EDD2}"
EndProject
Project("{2150E333-8FDC-42A3-9474-1A3956D46DE8}") = "Core", "Core", "{66C03587-AB98-485A-BF6E-F7625FEB3D0E}"
EndProject
Project("{2150E333-8FDC-42A3-9474-1A3956D46DE8}") = "Infrastructure", "Infrastructure", "{1FDDF729-CD8D-43DD-A026-6A3C66B2887D}"
EndProject
Project("{2150E333-8FDC-42A3-9474-1A3956D46DE8}") = "Presentation", "Presentation", "{7A0981FF-F44C-4FB4-A1B5-F72947E653AF}"
EndProject
Project("{9A19103F-16F7-4668-BE54-9A1E7A4F7556}") = "ECommerce.Order.Domain", "Services\Order\Core\ECommerce.Order.Domain\ECommerce.Order.Domain.csproj", "{F0F79728-1F85-4A4D-888C-ABE714A7BAD1}"
EndProject
Project("{9A19103F-16F7-4668-BE54-9A1E7A4F7556}") = "ECommerce.Order.Application", "Services\Order\Core\ECommerce.Order.Application\ECommerce.Order.Application.csproj", "{9880F770-1C8B-4410-B471-F471889E5F1D}"
EndProject
Project("{9A19103F-16F7-4668-BE54-9A1E7A4F7556}") = "ECommerce.Order.Persistance", "Services\Order\Infrastructure\ECommerce.Order.Persistance\ECommerce.Order.Persistance.csproj", "{1EDBA038-5CFB-4E46-BFD7-55C2AF71D0D0}"
EndProject
Project("{9A19103F-16F7-4668-BE54-9A1E7A4F7556}") = "ECommerce.Order.WebApi", "Services\Order\Presentation\ECommerce.Order.WebApi\ECommerce.Order.WebApi.csproj", "{973291E0-D592-48DB-9DAD-ECF7F7A31230}"
EndProject
Project("{2150E333-8FDC-42A3-9474-1A3956D46DE8}") = "IdentityServer", "IdentityServer", "{CD3AFE55-5906-4E9C-99E2-5A72561BED5D}"
EndProject
Project("{9A19103F-16F7-4668-BE54-9A1E7A4F7556}") = "ECommerce.IdentityServer", "IdentityServer\ECommerce.IdentityServer\ECommerce.IdentityServer.csproj", "{5B4A4269-3B2B-4F33-BE7F-6D7B46FA9964}"
EndProject
Project("{2150E333-8FDC-42A3-9474-1A3956D46DE8}") = "Solution Items", "Solution Items", "{A99751FC-B7CC-466C-AFFE-9781B30C03BD}"
	ProjectSection(SolutionItems) = preProject
		Ports.txt = Ports.txt
	EndProjectSection
EndProject
Project("{2150E333-8FDC-42A3-9474-1A3956D46DE8}") = "Cargo", "Cargo", "{BDBED1C3-F2C4-4632-BA10-1CA8E5B5090C}"
EndProject
Project("{9A19103F-16F7-4668-BE54-9A1E7A4F7556}") = "ECommerce.Cargo.EntityLayer", "Services\Cargo\ECommerce.Cargo.EntityLayer\ECommerce.Cargo.EntityLayer.csproj", "{CD22A20C-AD63-4A31-95D2-89284CF74362}"
EndProject
Project("{9A19103F-16F7-4668-BE54-9A1E7A4F7556}") = "ECommerce.Cargo.BusinessLayer", "Services\Cargo\ECommerce.Cargo.BusinessLayer\ECommerce.Cargo.BusinessLayer.csproj", "{5D8BA5F7-8FD4-4CA4-8011-CB34AA9BCDE1}"
EndProject
Project("{9A19103F-16F7-4668-BE54-9A1E7A4F7556}") = "ECommerce.Cargo.DataAccessLayer", "Services\Cargo\ECommerce.Cargo.DataAccessLayer\ECommerce.Cargo.DataAccessLayer.csproj", "{C70B3140-6C5C-4205-8B39-259038418BFE}"
EndProject
Project("{9A19103F-16F7-4668-BE54-9A1E7A4F7556}") = "ECommerce.Cargo.DtoLayer", "Services\Cargo\ECommerce.Cargo.DtoLayer\ECommerce.Cargo.DtoLayer.csproj", "{DD704BFF-D34F-48C5-8AB2-56FCA81B6316}"
EndProject
Project("{9A19103F-16F7-4668-BE54-9A1E7A4F7556}") = "ECommerce.Cargo.WebApi", "Services\Cargo\ECommerce.Cargo.WebApi\ECommerce.Cargo.WebApi.csproj", "{A7019B1E-624D-4133-BE84-4D5E2286780F}"
EndProject
Project("{2150E333-8FDC-42A3-9474-1A3956D46DE8}") = "Basket", "Basket", "{AC7477FD-931E-41E4-8BDA-CFF94D76D353}"
EndProject
Project("{9A19103F-16F7-4668-BE54-9A1E7A4F7556}") = "ECommerce.Basket", "Services\Basket\ECommerce.Basket\ECommerce.Basket.csproj", "{39281BED-6CC1-4279-A1F6-0D9CE67EA963}"
EndProject
Project("{2150E333-8FDC-42A3-9474-1A3956D46DE8}") = "Frontends", "Frontends", "{8B037977-D1B8-45F8-823F-0ECF8B61CC2C}"
EndProject
Project("{9A19103F-16F7-4668-BE54-9A1E7A4F7556}") = "ECommerce.WebUı", "Frontends\ECommerce.WebUı\ECommerce.WebUı.csproj", "{10769CBC-2CE1-432B-AB79-57851592DA2E}"
EndProject
Project("{9A19103F-16F7-4668-BE54-9A1E7A4F7556}") = "ECommerceApp.DtoLayer", "Frontends\ECommerceApp.DtoLayer\ECommerceApp.DtoLayer.csproj", "{3FE94FED-3CDF-4974-8A12-FDB65CF6F5E0}"
EndProject
Project("{2150E333-8FDC-42A3-9474-1A3956D46DE8}") = "Comment", "Comment", "{63737449-A76B-4A47-8C43-AD2B8A1D2FE0}"
EndProject
Project("{9A19103F-16F7-4668-BE54-9A1E7A4F7556}") = "ECommerce.Comment", "Services\Comment\ECommerce.Comment\ECommerce.Comment.csproj", "{DDB96BCD-9118-4089-95D4-01ACD98EF601}"
EndProject
Global
	GlobalSection(SolutionConfigurationPlatforms) = preSolution
		Debug|Any CPU = Debug|Any CPU
		Release|Any CPU = Release|Any CPU
	EndGlobalSection
	GlobalSection(ProjectConfigurationPlatforms) = postSolution
		{96612060-3C98-43C2-8602-2C4DFE36BACD}.Debug|Any CPU.ActiveCfg = Debug|Any CPU
		{96612060-3C98-43C2-8602-2C4DFE36BACD}.Debug|Any CPU.Build.0 = Debug|Any CPU
		{96612060-3C98-43C2-8602-2C4DFE36BACD}.Release|Any CPU.ActiveCfg = Release|Any CPU
		{96612060-3C98-43C2-8602-2C4DFE36BACD}.Release|Any CPU.Build.0 = Release|Any CPU
		{1CB47C7F-3127-451C-A630-A020EB3E139A}.Debug|Any CPU.ActiveCfg = Debug|Any CPU
		{1CB47C7F-3127-451C-A630-A020EB3E139A}.Debug|Any CPU.Build.0 = Debug|Any CPU
		{1CB47C7F-3127-451C-A630-A020EB3E139A}.Release|Any CPU.ActiveCfg = Release|Any CPU
		{1CB47C7F-3127-451C-A630-A020EB3E139A}.Release|Any CPU.Build.0 = Release|Any CPU
		{F0F79728-1F85-4A4D-888C-ABE714A7BAD1}.Debug|Any CPU.ActiveCfg = Debug|Any CPU
		{F0F79728-1F85-4A4D-888C-ABE714A7BAD1}.Debug|Any CPU.Build.0 = Debug|Any CPU
		{F0F79728-1F85-4A4D-888C-ABE714A7BAD1}.Release|Any CPU.ActiveCfg = Release|Any CPU
		{F0F79728-1F85-4A4D-888C-ABE714A7BAD1}.Release|Any CPU.Build.0 = Release|Any CPU
		{9880F770-1C8B-4410-B471-F471889E5F1D}.Debug|Any CPU.ActiveCfg = Debug|Any CPU
		{9880F770-1C8B-4410-B471-F471889E5F1D}.Debug|Any CPU.Build.0 = Debug|Any CPU
		{9880F770-1C8B-4410-B471-F471889E5F1D}.Release|Any CPU.ActiveCfg = Release|Any CPU
		{9880F770-1C8B-4410-B471-F471889E5F1D}.Release|Any CPU.Build.0 = Release|Any CPU
		{1EDBA038-5CFB-4E46-BFD7-55C2AF71D0D0}.Debug|Any CPU.ActiveCfg = Debug|Any CPU
		{1EDBA038-5CFB-4E46-BFD7-55C2AF71D0D0}.Debug|Any CPU.Build.0 = Debug|Any CPU
		{1EDBA038-5CFB-4E46-BFD7-55C2AF71D0D0}.Release|Any CPU.ActiveCfg = Release|Any CPU
		{1EDBA038-5CFB-4E46-BFD7-55C2AF71D0D0}.Release|Any CPU.Build.0 = Release|Any CPU
		{973291E0-D592-48DB-9DAD-ECF7F7A31230}.Debug|Any CPU.ActiveCfg = Debug|Any CPU
		{973291E0-D592-48DB-9DAD-ECF7F7A31230}.Debug|Any CPU.Build.0 = Debug|Any CPU
		{973291E0-D592-48DB-9DAD-ECF7F7A31230}.Release|Any CPU.ActiveCfg = Release|Any CPU
		{973291E0-D592-48DB-9DAD-ECF7F7A31230}.Release|Any CPU.Build.0 = Release|Any CPU
		{5B4A4269-3B2B-4F33-BE7F-6D7B46FA9964}.Debug|Any CPU.ActiveCfg = Debug|Any CPU
		{5B4A4269-3B2B-4F33-BE7F-6D7B46FA9964}.Debug|Any CPU.Build.0 = Debug|Any CPU
		{5B4A4269-3B2B-4F33-BE7F-6D7B46FA9964}.Release|Any CPU.ActiveCfg = Release|Any CPU
		{5B4A4269-3B2B-4F33-BE7F-6D7B46FA9964}.Release|Any CPU.Build.0 = Release|Any CPU
		{CD22A20C-AD63-4A31-95D2-89284CF74362}.Debug|Any CPU.ActiveCfg = Debug|Any CPU
		{CD22A20C-AD63-4A31-95D2-89284CF74362}.Debug|Any CPU.Build.0 = Debug|Any CPU
		{CD22A20C-AD63-4A31-95D2-89284CF74362}.Release|Any CPU.ActiveCfg = Release|Any CPU
		{CD22A20C-AD63-4A31-95D2-89284CF74362}.Release|Any CPU.Build.0 = Release|Any CPU
		{5D8BA5F7-8FD4-4CA4-8011-CB34AA9BCDE1}.Debug|Any CPU.ActiveCfg = Debug|Any CPU
		{5D8BA5F7-8FD4-4CA4-8011-CB34AA9BCDE1}.Debug|Any CPU.Build.0 = Debug|Any CPU
		{5D8BA5F7-8FD4-4CA4-8011-CB34AA9BCDE1}.Release|Any CPU.ActiveCfg = Release|Any CPU
		{5D8BA5F7-8FD4-4CA4-8011-CB34AA9BCDE1}.Release|Any CPU.Build.0 = Release|Any CPU
		{C70B3140-6C5C-4205-8B39-259038418BFE}.Debug|Any CPU.ActiveCfg = Debug|Any CPU
		{C70B3140-6C5C-4205-8B39-259038418BFE}.Debug|Any CPU.Build.0 = Debug|Any CPU
		{C70B3140-6C5C-4205-8B39-259038418BFE}.Release|Any CPU.ActiveCfg = Release|Any CPU
		{C70B3140-6C5C-4205-8B39-259038418BFE}.Release|Any CPU.Build.0 = Release|Any CPU
		{DD704BFF-D34F-48C5-8AB2-56FCA81B6316}.Debug|Any CPU.ActiveCfg = Debug|Any CPU
		{DD704BFF-D34F-48C5-8AB2-56FCA81B6316}.Debug|Any CPU.Build.0 = Debug|Any CPU
		{DD704BFF-D34F-48C5-8AB2-56FCA81B6316}.Release|Any CPU.ActiveCfg = Release|Any CPU
		{DD704BFF-D34F-48C5-8AB2-56FCA81B6316}.Release|Any CPU.Build.0 = Release|Any CPU
		{A7019B1E-624D-4133-BE84-4D5E2286780F}.Debug|Any CPU.ActiveCfg = Debug|Any CPU
		{A7019B1E-624D-4133-BE84-4D5E2286780F}.Debug|Any CPU.Build.0 = Debug|Any CPU
		{A7019B1E-624D-4133-BE84-4D5E2286780F}.Release|Any CPU.ActiveCfg = Release|Any CPU
		{A7019B1E-624D-4133-BE84-4D5E2286780F}.Release|Any CPU.Build.0 = Release|Any CPU
		{39281BED-6CC1-4279-A1F6-0D9CE67EA963}.Debug|Any CPU.ActiveCfg = Debug|Any CPU
		{39281BED-6CC1-4279-A1F6-0D9CE67EA963}.Debug|Any CPU.Build.0 = Debug|Any CPU
		{39281BED-6CC1-4279-A1F6-0D9CE67EA963}.Release|Any CPU.ActiveCfg = Release|Any CPU
		{39281BED-6CC1-4279-A1F6-0D9CE67EA963}.Release|Any CPU.Build.0 = Release|Any CPU
		{10769CBC-2CE1-432B-AB79-57851592DA2E}.Debug|Any CPU.ActiveCfg = Debug|Any CPU
		{10769CBC-2CE1-432B-AB79-57851592DA2E}.Debug|Any CPU.Build.0 = Debug|Any CPU
		{10769CBC-2CE1-432B-AB79-57851592DA2E}.Release|Any CPU.ActiveCfg = Release|Any CPU
		{10769CBC-2CE1-432B-AB79-57851592DA2E}.Release|Any CPU.Build.0 = Release|Any CPU
		{3FE94FED-3CDF-4974-8A12-FDB65CF6F5E0}.Debug|Any CPU.ActiveCfg = Debug|Any CPU
		{3FE94FED-3CDF-4974-8A12-FDB65CF6F5E0}.Debug|Any CPU.Build.0 = Debug|Any CPU
		{3FE94FED-3CDF-4974-8A12-FDB65CF6F5E0}.Release|Any CPU.ActiveCfg = Release|Any CPU
		{3FE94FED-3CDF-4974-8A12-FDB65CF6F5E0}.Release|Any CPU.Build.0 = Release|Any CPU
		{DDB96BCD-9118-4089-95D4-01ACD98EF601}.Debug|Any CPU.ActiveCfg = Debug|Any CPU
		{DDB96BCD-9118-4089-95D4-01ACD98EF601}.Debug|Any CPU.Build.0 = Debug|Any CPU
		{DDB96BCD-9118-4089-95D4-01ACD98EF601}.Release|Any CPU.ActiveCfg = Release|Any CPU
		{DDB96BCD-9118-4089-95D4-01ACD98EF601}.Release|Any CPU.Build.0 = Release|Any CPU
	EndGlobalSection
	GlobalSection(SolutionProperties) = preSolution
		HideSolutionNode = FALSE
	EndGlobalSection
	GlobalSection(NestedProjects) = preSolution
		{38068AE2-5FCE-409F-AD83-C4704921C17F} = {9C4E25A0-A9F4-4057-8F97-0AA9C0D384E7}
		{96612060-3C98-43C2-8602-2C4DFE36BACD} = {38068AE2-5FCE-409F-AD83-C4704921C17F}
		{FA11555B-33CE-4545-9384-B64D5A694C03} = {9C4E25A0-A9F4-4057-8F97-0AA9C0D384E7}
		{1CB47C7F-3127-451C-A630-A020EB3E139A} = {FA11555B-33CE-4545-9384-B64D5A694C03}
		{26C25EB6-F17E-43A6-8F8C-05DB1577EDD2} = {9C4E25A0-A9F4-4057-8F97-0AA9C0D384E7}
		{66C03587-AB98-485A-BF6E-F7625FEB3D0E} = {26C25EB6-F17E-43A6-8F8C-05DB1577EDD2}
		{1FDDF729-CD8D-43DD-A026-6A3C66B2887D} = {26C25EB6-F17E-43A6-8F8C-05DB1577EDD2}
		{7A0981FF-F44C-4FB4-A1B5-F72947E653AF} = {26C25EB6-F17E-43A6-8F8C-05DB1577EDD2}
		{F0F79728-1F85-4A4D-888C-ABE714A7BAD1} = {66C03587-AB98-485A-BF6E-F7625FEB3D0E}
		{9880F770-1C8B-4410-B471-F471889E5F1D} = {66C03587-AB98-485A-BF6E-F7625FEB3D0E}
		{1EDBA038-5CFB-4E46-BFD7-55C2AF71D0D0} = {1FDDF729-CD8D-43DD-A026-6A3C66B2887D}
		{973291E0-D592-48DB-9DAD-ECF7F7A31230} = {7A0981FF-F44C-4FB4-A1B5-F72947E653AF}
		{5B4A4269-3B2B-4F33-BE7F-6D7B46FA9964} = {CD3AFE55-5906-4E9C-99E2-5A72561BED5D}
		{BDBED1C3-F2C4-4632-BA10-1CA8E5B5090C} = {9C4E25A0-A9F4-4057-8F97-0AA9C0D384E7}
		{CD22A20C-AD63-4A31-95D2-89284CF74362} = {BDBED1C3-F2C4-4632-BA10-1CA8E5B5090C}
		{5D8BA5F7-8FD4-4CA4-8011-CB34AA9BCDE1} = {BDBED1C3-F2C4-4632-BA10-1CA8E5B5090C}
		{C70B3140-6C5C-4205-8B39-259038418BFE} = {BDBED1C3-F2C4-4632-BA10-1CA8E5B5090C}
		{DD704BFF-D34F-48C5-8AB2-56FCA81B6316} = {BDBED1C3-F2C4-4632-BA10-1CA8E5B5090C}
		{A7019B1E-624D-4133-BE84-4D5E2286780F} = {BDBED1C3-F2C4-4632-BA10-1CA8E5B5090C}
		{AC7477FD-931E-41E4-8BDA-CFF94D76D353} = {9C4E25A0-A9F4-4057-8F97-0AA9C0D384E7}
		{39281BED-6CC1-4279-A1F6-0D9CE67EA963} = {AC7477FD-931E-41E4-8BDA-CFF94D76D353}
		{10769CBC-2CE1-432B-AB79-57851592DA2E} = {8B037977-D1B8-45F8-823F-0ECF8B61CC2C}
		{3FE94FED-3CDF-4974-8A12-FDB65CF6F5E0} = {8B037977-D1B8-45F8-823F-0ECF8B61CC2C}
		{63737449-A76B-4A47-8C43-AD2B8A1D2FE0} = {9C4E25A0-A9F4-4057-8F97-0AA9C0D384E7}
		{DDB96BCD-9118-4089-95D4-01ACD98EF601} = {63737449-A76B-4A47-8C43-AD2B8A1D2FE0}
	EndGlobalSection
	GlobalSection(ExtensibilityGlobals) = postSolution
		SolutionGuid = {E171CB53-6977-4E6B-943D-7E5D5FCBA39B}
	EndGlobalSection
EndGlobal
